
Microsoft Visual Studio Solution File, Format Version 12.00
# Visual Studio 2013
VisualStudioVersion = 12.0.21005.1
MinimumVisualStudioVersion = 10.0.40219.1
Project("{8BC9CEB8-8B4A-11D0-8D11-00A0C91BC942}") = "LibraryTest", "LibraryTest\LibraryTest.vcxproj", "{73BB5BBF-E6F5-4D37-B657-B2FC9FFD35AA}"
	ProjectSection(ProjectDependencies) = postProject
		{C90CF585-1FEE-4BCA-B3EA-A47DB0FDC494} = {C90CF585-1FEE-4BCA-B3EA-A47DB0FDC494}
	EndProjectSection
EndProject
Project("{8BC9CEB8-8B4A-11D0-8D11-00A0C91BC942}") = "Library", "Library\Library.vcxproj", "{C90CF585-1FEE-4BCA-B3EA-A47DB0FDC494}"
EndProject
Global
	GlobalSection(SolutionConfigurationPlatforms) = preSolution
		Debug|Win32 = Debug|Win32
		Release|Win32 = Release|Win32
	EndGlobalSection
	GlobalSection(ProjectConfigurationPlatforms) = postSolution
		{73BB5BBF-E6F5-4D37-B657-B2FC9FFD35AA}.Debug|Win32.ActiveCfg = Debug|Win32
		{73BB5BBF-E6F5-4D37-B657-B2FC9FFD35AA}.Debug|Win32.Build.0 = Debug|Win32
		{73BB5BBF-E6F5-4D37-B657-B2FC9FFD35AA}.Release|Win32.ActiveCfg = Release|Win32
		{73BB5BBF-E6F5-4D37-B657-B2FC9FFD35AA}.Release|Win32.Build.0 = Release|Win32
		{C90CF585-1FEE-4BCA-B3EA-A47DB0FDC494}.Debug|Win32.ActiveCfg = Debug|Win32
		{C90CF585-1FEE-4BCA-B3EA-A47DB0FDC494}.Debug|Win32.Build.0 = Debug|Win32
		{C90CF585-1FEE-4BCA-B3EA-A47DB0FDC494}.Release|Win32.ActiveCfg = Release|Win32
		{C90CF585-1FEE-4BCA-B3EA-A47DB0FDC494}.Release|Win32.Build.0 = Release|Win32
	EndGlobalSection
	GlobalSection(SolutionProperties) = preSolution
		HideSolutionNode = FALSE
	EndGlobalSection
EndGlobal
